
Microsoft Visual Studio Solution File, Format Version 12.00
# Visual Studio 15
VisualStudioVersion = 15.0.26228.0
MinimumVisualStudioVersion = 10.0.40219.1
Project("{FAE04EC0-301F-11D3-BF4B-00C04F79EFBC}") = "CatsAndDogs", "CatsAndDogs\CatsAndDogs\CatsAndDogs.csproj", "{DCE57716-7312-4132-9D85-7F883DF68119}"
EndProject
Project("{FAE04EC0-301F-11D3-BF4B-00C04F79EFBC}") = "CatsAndDogs.Android", "CatsAndDogs\CatsAndDogs.Android\CatsAndDogs.Android.csproj", "{E661563F-246F-4EDB-859B-21528B956605}"
EndProject
Project("{FAE04EC0-301F-11D3-BF4B-00C04F79EFBC}") = "CatsAndDogs.iOS", "CatsAndDogs\CatsAndDogs.iOS\CatsAndDogs.iOS.csproj", "{6FD23DFB-0D31-4C59-B26C-1199963F3E00}"
EndProject
Project("{FAE04EC0-301F-11D3-BF4B-00C04F79EFBC}") = "CatsAndDogs.UWP", "CatsAndDogs\CatsAndDogs.UWP\CatsAndDogs.UWP.csproj", "{0E47F0BD-863E-482B-AF0E-490AF0299111}"
EndProject
Global
	GlobalSection(SolutionConfigurationPlatforms) = preSolution
		Debug|Any CPU = Debug|Any CPU
		Debug|ARM = Debug|ARM
		Debug|iPhone = Debug|iPhone
		Debug|iPhoneSimulator = Debug|iPhoneSimulator
		Debug|x64 = Debug|x64
		Debug|x86 = Debug|x86
		Release|Any CPU = Release|Any CPU
		Release|ARM = Release|ARM
		Release|iPhone = Release|iPhone
		Release|iPhoneSimulator = Release|iPhoneSimulator
		Release|x64 = Release|x64
		Release|x86 = Release|x86
	EndGlobalSection
	GlobalSection(ProjectConfigurationPlatforms) = postSolution
		{DCE57716-7312-4132-9D85-7F883DF68119}.Debug|Any CPU.ActiveCfg = Debug|Any CPU
		{DCE57716-7312-4132-9D85-7F883DF68119}.Debug|Any CPU.Build.0 = Debug|Any CPU
		{DCE57716-7312-4132-9D85-7F883DF68119}.Debug|ARM.ActiveCfg = Debug|Any CPU
		{DCE57716-7312-4132-9D85-7F883DF68119}.Debug|ARM.Build.0 = Debug|Any CPU
		{DCE57716-7312-4132-9D85-7F883DF68119}.Debug|iPhone.ActiveCfg = Debug|Any CPU
		{DCE57716-7312-4132-9D85-7F883DF68119}.Debug|iPhone.Build.0 = Debug|Any CPU
		{DCE57716-7312-4132-9D85-7F883DF68119}.Debug|iPhoneSimulator.ActiveCfg = Debug|Any CPU
		{DCE57716-7312-4132-9D85-7F883DF68119}.Debug|iPhoneSimulator.Build.0 = Debug|Any CPU
		{DCE57716-7312-4132-9D85-7F883DF68119}.Debug|x64.ActiveCfg = Debug|Any CPU
		{DCE57716-7312-4132-9D85-7F883DF68119}.Debug|x64.Build.0 = Debug|Any CPU
		{DCE57716-7312-4132-9D85-7F883DF68119}.Debug|x86.ActiveCfg = Debug|Any CPU
		{DCE57716-7312-4132-9D85-7F883DF68119}.Debug|x86.Build.0 = Debug|Any CPU
		{DCE57716-7312-4132-9D85-7F883DF68119}.Release|Any CPU.ActiveCfg = Release|Any CPU
		{DCE57716-7312-4132-9D85-7F883DF68119}.Release|Any CPU.Build.0 = Release|Any CPU
		{DCE57716-7312-4132-9D85-7F883DF68119}.Release|ARM.ActiveCfg = Release|Any CPU
		{DCE57716-7312-4132-9D85-7F883DF68119}.Release|ARM.Build.0 = Release|Any CPU
		{DCE57716-7312-4132-9D85-7F883DF68119}.Release|iPhone.ActiveCfg = Release|Any CPU
		{DCE57716-7312-4132-9D85-7F883DF68119}.Release|iPhone.Build.0 = Release|Any CPU
		{DCE57716-7312-4132-9D85-7F883DF68119}.Release|iPhoneSimulator.ActiveCfg = Release|Any CPU
		{DCE57716-7312-4132-9D85-7F883DF68119}.Release|iPhoneSimulator.Build.0 = Release|Any CPU
		{DCE57716-7312-4132-9D85-7F883DF68119}.Release|x64.ActiveCfg = Release|Any CPU
		{DCE57716-7312-4132-9D85-7F883DF68119}.Release|x64.Build.0 = Release|Any CPU
		{DCE57716-7312-4132-9D85-7F883DF68119}.Release|x86.ActiveCfg = Release|Any CPU
		{DCE57716-7312-4132-9D85-7F883DF68119}.Release|x86.Build.0 = Release|Any CPU
		{E661563F-246F-4EDB-859B-21528B956605}.Debug|Any CPU.ActiveCfg = Debug|Any CPU
		{E661563F-246F-4EDB-859B-21528B956605}.Debug|Any CPU.Build.0 = Debug|Any CPU
		{E661563F-246F-4EDB-859B-21528B956605}.Debug|Any CPU.Deploy.0 = Debug|Any CPU
		{E661563F-246F-4EDB-859B-21528B956605}.Debug|ARM.ActiveCfg = Debug|Any CPU
		{E661563F-246F-4EDB-859B-21528B956605}.Debug|ARM.Build.0 = Debug|Any CPU
		{E661563F-246F-4EDB-859B-21528B956605}.Debug|ARM.Deploy.0 = Debug|Any CPU
		{E661563F-246F-4EDB-859B-21528B956605}.Debug|iPhone.ActiveCfg = Debug|Any CPU
		{E661563F-246F-4EDB-859B-21528B956605}.Debug|iPhone.Build.0 = Debug|Any CPU
		{E661563F-246F-4EDB-859B-21528B956605}.Debug|iPhone.Deploy.0 = Debug|Any CPU
		{E661563F-246F-4EDB-859B-21528B956605}.Debug|iPhoneSimulator.ActiveCfg = Debug|Any CPU
		{E661563F-246F-4EDB-859B-21528B956605}.Debug|iPhoneSimulator.Build.0 = Debug|Any CPU
		{E661563F-246F-4EDB-859B-21528B956605}.Debug|iPhoneSimulator.Deploy.0 = Debug|Any CPU
		{E661563F-246F-4EDB-859B-21528B956605}.Debug|x64.ActiveCfg = Debug|Any CPU
		{E661563F-246F-4EDB-859B-21528B956605}.Debug|x64.Build.0 = Debug|Any CPU
		{E661563F-246F-4EDB-859B-21528B956605}.Debug|x64.Deploy.0 = Debug|Any CPU
		{E661563F-246F-4EDB-859B-21528B956605}.Debug|x86.ActiveCfg = Debug|Any CPU
		{E661563F-246F-4EDB-859B-21528B956605}.Debug|x86.Build.0 = Debug|Any CPU
		{E661563F-246F-4EDB-859B-21528B956605}.Debug|x86.Deploy.0 = Debug|Any CPU
		{E661563F-246F-4EDB-859B-21528B956605}.Release|Any CPU.ActiveCfg = Release|Any CPU
		{E661563F-246F-4EDB-859B-21528B956605}.Release|Any CPU.Build.0 = Release|Any CPU
		{E661563F-246F-4EDB-859B-21528B956605}.Release|Any CPU.Deploy.0 = Release|Any CPU
		{E661563F-246F-4EDB-859B-21528B956605}.Release|ARM.ActiveCfg = Release|Any CPU
		{E661563F-246F-4EDB-859B-21528B956605}.Release|ARM.Build.0 = Release|Any CPU
		{E661563F-246F-4EDB-859B-21528B956605}.Release|ARM.Deploy.0 = Release|Any CPU
		{E661563F-246F-4EDB-859B-21528B956605}.Release|iPhone.ActiveCfg = Release|Any CPU
		{E661563F-246F-4EDB-859B-21528B956605}.Release|iPhone.Build.0 = Release|Any CPU
		{E661563F-246F-4EDB-859B-21528B956605}.Release|iPhone.Deploy.0 = Release|Any CPU
		{E661563F-246F-4EDB-859B-21528B956605}.Release|iPhoneSimulator.ActiveCfg = Release|Any CPU
		{E661563F-246F-4EDB-859B-21528B956605}.Release|iPhoneSimulator.Build.0 = Release|Any CPU
		{E661563F-246F-4EDB-859B-21528B956605}.Release|iPhoneSimulator.Deploy.0 = Release|Any CPU
		{E661563F-246F-4EDB-859B-21528B956605}.Release|x64.ActiveCfg = Release|Any CPU
		{E661563F-246F-4EDB-859B-21528B956605}.Release|x64.Build.0 = Release|Any CPU
		{E661563F-246F-4EDB-859B-21528B956605}.Release|x64.Deploy.0 = Release|Any CPU
		{E661563F-246F-4EDB-859B-21528B956605}.Release|x86.ActiveCfg = Release|Any CPU
		{E661563F-246F-4EDB-859B-21528B956605}.Release|x86.Build.0 = Release|Any CPU
		{E661563F-246F-4EDB-859B-21528B956605}.Release|x86.Deploy.0 = Release|Any CPU
		{6FD23DFB-0D31-4C59-B26C-1199963F3E00}.Debug|Any CPU.ActiveCfg = Debug|iPhone
		{6FD23DFB-0D31-4C59-B26C-1199963F3E00}.Debug|ARM.ActiveCfg = Debug|iPhone
		{6FD23DFB-0D31-4C59-B26C-1199963F3E00}.Debug|iPhone.ActiveCfg = Debug|iPhone
		{6FD23DFB-0D31-4C59-B26C-1199963F3E00}.Debug|iPhone.Build.0 = Debug|iPhone
		{6FD23DFB-0D31-4C59-B26C-1199963F3E00}.Debug|iPhoneSimulator.ActiveCfg = Debug|iPhoneSimulator
		{6FD23DFB-0D31-4C59-B26C-1199963F3E00}.Debug|iPhoneSimulator.Build.0 = Debug|iPhoneSimulator
		{6FD23DFB-0D31-4C59-B26C-1199963F3E00}.Debug|x64.ActiveCfg = Debug|iPhone
		{6FD23DFB-0D31-4C59-B26C-1199963F3E00}.Debug|x86.ActiveCfg = Debug|iPhone
		{6FD23DFB-0D31-4C59-B26C-1199963F3E00}.Release|Any CPU.ActiveCfg = Release|iPhone
		{6FD23DFB-0D31-4C59-B26C-1199963F3E00}.Release|ARM.ActiveCfg = Release|iPhone
		{6FD23DFB-0D31-4C59-B26C-1199963F3E00}.Release|iPhone.ActiveCfg = Release|iPhone
		{6FD23DFB-0D31-4C59-B26C-1199963F3E00}.Release|iPhone.Build.0 = Release|iPhone
		{6FD23DFB-0D31-4C59-B26C-1199963F3E00}.Release|iPhoneSimulator.ActiveCfg = Release|iPhoneSimulator
		{6FD23DFB-0D31-4C59-B26C-1199963F3E00}.Release|iPhoneSimulator.Build.0 = Release|iPhoneSimulator
		{6FD23DFB-0D31-4C59-B26C-1199963F3E00}.Release|x64.ActiveCfg = Release|iPhone
		{6FD23DFB-0D31-4C59-B26C-1199963F3E00}.Release|x86.ActiveCfg = Release|iPhone
		{0E47F0BD-863E-482B-AF0E-490AF0299111}.Debug|Any CPU.ActiveCfg = Debug|x86
		{0E47F0BD-863E-482B-AF0E-490AF0299111}.Debug|ARM.ActiveCfg = Debug|ARM
		{0E47F0BD-863E-482B-AF0E-490AF0299111}.Debug|ARM.Build.0 = Debug|ARM
		{0E47F0BD-863E-482B-AF0E-490AF0299111}.Debug|ARM.Deploy.0 = Debug|ARM
		{0E47F0BD-863E-482B-AF0E-490AF0299111}.Debug|iPhone.ActiveCfg = Debug|x86
		{0E47F0BD-863E-482B-AF0E-490AF0299111}.Debug|iPhoneSimulator.ActiveCfg = Debug|x86
		{0E47F0BD-863E-482B-AF0E-490AF0299111}.Debug|x64.ActiveCfg = Debug|x64
		{0E47F0BD-863E-482B-AF0E-490AF0299111}.Debug|x64.Build.0 = Debug|x64
		{0E47F0BD-863E-482B-AF0E-490AF0299111}.Debug|x64.Deploy.0 = Debug|x64
		{0E47F0BD-863E-482B-AF0E-490AF0299111}.Debug|x86.ActiveCfg = Debug|x86
		{0E47F0BD-863E-482B-AF0E-490AF0299111}.Debug|x86.Build.0 = Debug|x86
		{0E47F0BD-863E-482B-AF0E-490AF0299111}.Debug|x86.Deploy.0 = Debug|x86
		{0E47F0BD-863E-482B-AF0E-490AF0299111}.Release|Any CPU.ActiveCfg = Release|x86
		{0E47F0BD-863E-482B-AF0E-490AF0299111}.Release|ARM.ActiveCfg = Release|ARM
		{0E47F0BD-863E-482B-AF0E-490AF0299111}.Release|ARM.Build.0 = Release|ARM
		{0E47F0BD-863E-482B-AF0E-490AF0299111}.Release|ARM.Deploy.0 = Release|ARM
		{0E47F0BD-863E-482B-AF0E-490AF0299111}.Release|iPhone.ActiveCfg = Release|x86
		{0E47F0BD-863E-482B-AF0E-490AF0299111}.Release|iPhoneSimulator.ActiveCfg = Release|x86
		{0E47F0BD-863E-482B-AF0E-490AF0299111}.Release|x64.ActiveCfg = Release|x64
		{0E47F0BD-863E-482B-AF0E-490AF0299111}.Release|x64.Build.0 = Release|x64
		{0E47F0BD-863E-482B-AF0E-490AF0299111}.Release|x64.Deploy.0 = Release|x64
		{0E47F0BD-863E-482B-AF0E-490AF0299111}.Release|x86.ActiveCfg = Release|x86
		{0E47F0BD-863E-482B-AF0E-490AF0299111}.Release|x86.Build.0 = Release|x86
		{0E47F0BD-863E-482B-AF0E-490AF0299111}.Release|x86.Deploy.0 = Release|x86
	EndGlobalSection
	GlobalSection(SolutionProperties) = preSolution
		HideSolutionNode = FALSE
	EndGlobalSection
EndGlobal
