
Microsoft Visual Studio Solution File, Format Version 12.00
# Visual Studio Version 17
VisualStudioVersion = 17.11.35017.193
MinimumVisualStudioVersion = 10.0.40219.1
Project("{2150E333-8FDC-42A3-9474-1A3956D46DE8}") = "Solution Items", "Solution Items", "{D6189E1F-5731-45A7-AFEF-3FDE967E6F13}"
	ProjectSection(SolutionItems) = preProject
		..\.editorconfig = ..\.editorconfig
		.gitattributes = .gitattributes
		.gitignore = .gitignore
		azure-pipelines.yml = azure-pipelines.yml
		NuGet.config = NuGet.config
		README.md = README.md
	EndProjectSection
EndProject
Project("{2150E333-8FDC-42A3-9474-1A3956D46DE8}") = "build", "build", "{46157FD0-AE37-4C65-AC1B-437BE5023066}"
	ProjectSection(SolutionItems) = preProject
		build\Common.props = build\Common.props
		build\NuGetPackage.targets = build\NuGetPackage.targets
	EndProjectSection
EndProject
Project("{2150E333-8FDC-42A3-9474-1A3956D46DE8}") = "external", "external", "{C202A000-8F62-4FB4-A550-2310399D8CBF}"
EndProject
Project("{9A19103F-16F7-4668-BE54-9A1E7A4F7556}") = "Microsoft.CodeAnalysisP", "external\roslynp\src\CodeAnalysisP\Microsoft.CodeAnalysisP.csproj", "{E4CDD003-1268-42B2-A5A6-AC868D7BD497}"
EndProject
Project("{9A19103F-16F7-4668-BE54-9A1E7A4F7556}") = "ReactiveData", "external\ReactiveData\src\ReactiveData\ReactiveData.csproj", "{91C2EAA4-25F2-418C-896D-BB51DDB1AC22}"
EndProject
Project("{9A19103F-16F7-4668-BE54-9A1E7A4F7556}") = "Fluxx", "src\Fluxx\Fluxx.csproj", "{2C4ECCAB-816F-4D20-99DC-083DFD13E83D}"
EndProject
Project("{9A19103F-16F7-4668-BE54-9A1E7A4F7556}") = "Fluxx.Types", "src\Fluxx.Types\Fluxx.Types.csproj", "{456C7EBB-83A9-41AF-8D03-B05C65947FBF}"
EndProject
Project("{9A19103F-16F7-4668-BE54-9A1E7A4F7556}") = "Fluxx.DevEnv", "src\Fluxx.DevEnv\Fluxx.DevEnv.csproj", "{E90B942F-34E3-4C6E-9C93-1DD7B5F94648}"
EndProject
Project("{9A19103F-16F7-4668-BE54-9A1E7A4F7556}") = "FluxxWpf", "src\Fluxx.Wpf\FluxxWpf.csproj", "{15F1C664-A9F7-42FC-A506-FCAD660A0B7D}"
EndProject
Project("{9A19103F-16F7-4668-BE54-9A1E7A4F7556}") = "Fluxx.XamarinForms", "src\Fluxx.XamarinForms\Fluxx.XamarinForms.csproj", "{A05A7AD2-9AA9-45FF-908A-6D6A6726CD22}"
EndProject
Project("{FAE04EC0-301F-11D3-BF4B-00C04F79EFBC}") = "Fluxx.VisualStudio", "src\Fluxx.VisualStudio\Fluxx.VisualStudio.csproj", "{BFA989E4-6136-40FE-AD2C-8E9AD3526375}"
EndProject
Project("{2150E333-8FDC-42A3-9474-1A3956D46DE8}") = "TypeTooling", "TypeTooling", "{90C42945-75E2-4A14-9FA7-8B9C26B47BFA}"
EndProject
Project("{9A19103F-16F7-4668-BE54-9A1E7A4F7556}") = "TypeTooling", "src\TypeTooling\TypeTooling\TypeTooling.csproj", "{D7055E20-3BBB-4EAA-AA05-2E8703EA3E40}"
EndProject
Project("{2150E333-8FDC-42A3-9474-1A3956D46DE8}") = "test", "test", "{015946EC-483A-4F8F-886B-C6F04AC7C7E1}"
EndProject
Project("{9A19103F-16F7-4668-BE54-9A1E7A4F7556}") = "Fluxx.Tests", "test\Fluxx.Tests\Fluxx.Tests.csproj", "{C58AF69A-DB31-4204-84CB-BBE6556F9AAD}"
EndProject
Global
	GlobalSection(SolutionConfigurationPlatforms) = preSolution
		Debug|Any CPU = Debug|Any CPU
		Debug|ARM = Debug|ARM
		Debug|arm64 = Debug|arm64
		Debug|x64 = Debug|x64
		Debug|x86 = Debug|x86
		Release|Any CPU = Release|Any CPU
		Release|ARM = Release|ARM
		Release|arm64 = Release|arm64
		Release|x64 = Release|x64
		Release|x86 = Release|x86
	EndGlobalSection
	GlobalSection(ProjectConfigurationPlatforms) = postSolution
		{E4CDD003-1268-42B2-A5A6-AC868D7BD497}.Debug|Any CPU.ActiveCfg = Debug|Any CPU
		{E4CDD003-1268-42B2-A5A6-AC868D7BD497}.Debug|Any CPU.Build.0 = Debug|Any CPU
		{E4CDD003-1268-42B2-A5A6-AC868D7BD497}.Debug|ARM.ActiveCfg = Debug|Any CPU
		{E4CDD003-1268-42B2-A5A6-AC868D7BD497}.Debug|ARM.Build.0 = Debug|Any CPU
		{E4CDD003-1268-42B2-A5A6-AC868D7BD497}.Debug|arm64.ActiveCfg = Debug|Any CPU
		{E4CDD003-1268-42B2-A5A6-AC868D7BD497}.Debug|arm64.Build.0 = Debug|Any CPU
		{E4CDD003-1268-42B2-A5A6-AC868D7BD497}.Debug|x64.ActiveCfg = Debug|Any CPU
		{E4CDD003-1268-42B2-A5A6-AC868D7BD497}.Debug|x64.Build.0 = Debug|Any CPU
		{E4CDD003-1268-42B2-A5A6-AC868D7BD497}.Debug|x86.ActiveCfg = Debug|Any CPU
		{E4CDD003-1268-42B2-A5A6-AC868D7BD497}.Debug|x86.Build.0 = Debug|Any CPU
		{E4CDD003-1268-42B2-A5A6-AC868D7BD497}.Release|Any CPU.ActiveCfg = Release|Any CPU
		{E4CDD003-1268-42B2-A5A6-AC868D7BD497}.Release|Any CPU.Build.0 = Release|Any CPU
		{E4CDD003-1268-42B2-A5A6-AC868D7BD497}.Release|ARM.ActiveCfg = Release|Any CPU
		{E4CDD003-1268-42B2-A5A6-AC868D7BD497}.Release|ARM.Build.0 = Release|Any CPU
		{E4CDD003-1268-42B2-A5A6-AC868D7BD497}.Release|arm64.ActiveCfg = Release|Any CPU
		{E4CDD003-1268-42B2-A5A6-AC868D7BD497}.Release|arm64.Build.0 = Release|Any CPU
		{E4CDD003-1268-42B2-A5A6-AC868D7BD497}.Release|x64.ActiveCfg = Release|Any CPU
		{E4CDD003-1268-42B2-A5A6-AC868D7BD497}.Release|x64.Build.0 = Release|Any CPU
		{E4CDD003-1268-42B2-A5A6-AC868D7BD497}.Release|x86.ActiveCfg = Release|Any CPU
		{E4CDD003-1268-42B2-A5A6-AC868D7BD497}.Release|x86.Build.0 = Release|Any CPU
		{91C2EAA4-25F2-418C-896D-BB51DDB1AC22}.Debug|Any CPU.ActiveCfg = Debug|Any CPU
		{91C2EAA4-25F2-418C-896D-BB51DDB1AC22}.Debug|Any CPU.Build.0 = Debug|Any CPU
		{91C2EAA4-25F2-418C-896D-BB51DDB1AC22}.Debug|ARM.ActiveCfg = Debug|Any CPU
		{91C2EAA4-25F2-418C-896D-BB51DDB1AC22}.Debug|ARM.Build.0 = Debug|Any CPU
		{91C2EAA4-25F2-418C-896D-BB51DDB1AC22}.Debug|arm64.ActiveCfg = Debug|Any CPU
		{91C2EAA4-25F2-418C-896D-BB51DDB1AC22}.Debug|arm64.Build.0 = Debug|Any CPU
		{91C2EAA4-25F2-418C-896D-BB51DDB1AC22}.Debug|x64.ActiveCfg = Debug|Any CPU
		{91C2EAA4-25F2-418C-896D-BB51DDB1AC22}.Debug|x64.Build.0 = Debug|Any CPU
		{91C2EAA4-25F2-418C-896D-BB51DDB1AC22}.Debug|x86.ActiveCfg = Debug|Any CPU
		{91C2EAA4-25F2-418C-896D-BB51DDB1AC22}.Debug|x86.Build.0 = Debug|Any CPU
		{91C2EAA4-25F2-418C-896D-BB51DDB1AC22}.Release|Any CPU.ActiveCfg = Release|Any CPU
		{91C2EAA4-25F2-418C-896D-BB51DDB1AC22}.Release|Any CPU.Build.0 = Release|Any CPU
		{91C2EAA4-25F2-418C-896D-BB51DDB1AC22}.Release|ARM.ActiveCfg = Release|Any CPU
		{91C2EAA4-25F2-418C-896D-BB51DDB1AC22}.Release|ARM.Build.0 = Release|Any CPU
		{91C2EAA4-25F2-418C-896D-BB51DDB1AC22}.Release|arm64.ActiveCfg = Release|Any CPU
		{91C2EAA4-25F2-418C-896D-BB51DDB1AC22}.Release|arm64.Build.0 = Release|Any CPU
		{91C2EAA4-25F2-418C-896D-BB51DDB1AC22}.Release|x64.ActiveCfg = Release|Any CPU
		{91C2EAA4-25F2-418C-896D-BB51DDB1AC22}.Release|x64.Build.0 = Release|Any CPU
		{91C2EAA4-25F2-418C-896D-BB51DDB1AC22}.Release|x86.ActiveCfg = Release|Any CPU
		{91C2EAA4-25F2-418C-896D-BB51DDB1AC22}.Release|x86.Build.0 = Release|Any CPU
		{2C4ECCAB-816F-4D20-99DC-083DFD13E83D}.Debug|Any CPU.ActiveCfg = Debug|Any CPU
		{2C4ECCAB-816F-4D20-99DC-083DFD13E83D}.Debug|Any CPU.Build.0 = Debug|Any CPU
		{2C4ECCAB-816F-4D20-99DC-083DFD13E83D}.Debug|ARM.ActiveCfg = Debug|Any CPU
		{2C4ECCAB-816F-4D20-99DC-083DFD13E83D}.Debug|ARM.Build.0 = Debug|Any CPU
		{2C4ECCAB-816F-4D20-99DC-083DFD13E83D}.Debug|arm64.ActiveCfg = Debug|Any CPU
		{2C4ECCAB-816F-4D20-99DC-083DFD13E83D}.Debug|arm64.Build.0 = Debug|Any CPU
		{2C4ECCAB-816F-4D20-99DC-083DFD13E83D}.Debug|x64.ActiveCfg = Debug|Any CPU
		{2C4ECCAB-816F-4D20-99DC-083DFD13E83D}.Debug|x64.Build.0 = Debug|Any CPU
		{2C4ECCAB-816F-4D20-99DC-083DFD13E83D}.Debug|x86.ActiveCfg = Debug|Any CPU
		{2C4ECCAB-816F-4D20-99DC-083DFD13E83D}.Debug|x86.Build.0 = Debug|Any CPU
		{2C4ECCAB-816F-4D20-99DC-083DFD13E83D}.Release|Any CPU.ActiveCfg = Release|Any CPU
		{2C4ECCAB-816F-4D20-99DC-083DFD13E83D}.Release|Any CPU.Build.0 = Release|Any CPU
		{2C4ECCAB-816F-4D20-99DC-083DFD13E83D}.Release|ARM.ActiveCfg = Release|Any CPU
		{2C4ECCAB-816F-4D20-99DC-083DFD13E83D}.Release|ARM.Build.0 = Release|Any CPU
		{2C4ECCAB-816F-4D20-99DC-083DFD13E83D}.Release|arm64.ActiveCfg = Release|Any CPU
		{2C4ECCAB-816F-4D20-99DC-083DFD13E83D}.Release|arm64.Build.0 = Release|Any CPU
		{2C4ECCAB-816F-4D20-99DC-083DFD13E83D}.Release|x64.ActiveCfg = Release|Any CPU
		{2C4ECCAB-816F-4D20-99DC-083DFD13E83D}.Release|x64.Build.0 = Release|Any CPU
		{2C4ECCAB-816F-4D20-99DC-083DFD13E83D}.Release|x86.ActiveCfg = Release|Any CPU
		{2C4ECCAB-816F-4D20-99DC-083DFD13E83D}.Release|x86.Build.0 = Release|Any CPU
		{456C7EBB-83A9-41AF-8D03-B05C65947FBF}.Debug|Any CPU.ActiveCfg = Debug|Any CPU
		{456C7EBB-83A9-41AF-8D03-B05C65947FBF}.Debug|Any CPU.Build.0 = Debug|Any CPU
		{456C7EBB-83A9-41AF-8D03-B05C65947FBF}.Debug|ARM.ActiveCfg = Debug|Any CPU
		{456C7EBB-83A9-41AF-8D03-B05C65947FBF}.Debug|ARM.Build.0 = Debug|Any CPU
		{456C7EBB-83A9-41AF-8D03-B05C65947FBF}.Debug|arm64.ActiveCfg = Debug|Any CPU
		{456C7EBB-83A9-41AF-8D03-B05C65947FBF}.Debug|arm64.Build.0 = Debug|Any CPU
		{456C7EBB-83A9-41AF-8D03-B05C65947FBF}.Debug|x64.ActiveCfg = Debug|Any CPU
		{456C7EBB-83A9-41AF-8D03-B05C65947FBF}.Debug|x64.Build.0 = Debug|Any CPU
		{456C7EBB-83A9-41AF-8D03-B05C65947FBF}.Debug|x86.ActiveCfg = Debug|Any CPU
		{456C7EBB-83A9-41AF-8D03-B05C65947FBF}.Debug|x86.Build.0 = Debug|Any CPU
		{456C7EBB-83A9-41AF-8D03-B05C65947FBF}.Release|Any CPU.ActiveCfg = Release|Any CPU
		{456C7EBB-83A9-41AF-8D03-B05C65947FBF}.Release|Any CPU.Build.0 = Release|Any CPU
		{456C7EBB-83A9-41AF-8D03-B05C65947FBF}.Release|ARM.ActiveCfg = Release|Any CPU
		{456C7EBB-83A9-41AF-8D03-B05C65947FBF}.Release|ARM.Build.0 = Release|Any CPU
		{456C7EBB-83A9-41AF-8D03-B05C65947FBF}.Release|arm64.ActiveCfg = Release|Any CPU
		{456C7EBB-83A9-41AF-8D03-B05C65947FBF}.Release|arm64.Build.0 = Release|Any CPU
		{456C7EBB-83A9-41AF-8D03-B05C65947FBF}.Release|x64.ActiveCfg = Release|Any CPU
		{456C7EBB-83A9-41AF-8D03-B05C65947FBF}.Release|x64.Build.0 = Release|Any CPU
		{456C7EBB-83A9-41AF-8D03-B05C65947FBF}.Release|x86.ActiveCfg = Release|Any CPU
		{456C7EBB-83A9-41AF-8D03-B05C65947FBF}.Release|x86.Build.0 = Release|Any CPU
		{E90B942F-34E3-4C6E-9C93-1DD7B5F94648}.Debug|Any CPU.ActiveCfg = Debug|Any CPU
		{E90B942F-34E3-4C6E-9C93-1DD7B5F94648}.Debug|Any CPU.Build.0 = Debug|Any CPU
		{E90B942F-34E3-4C6E-9C93-1DD7B5F94648}.Debug|ARM.ActiveCfg = Debug|Any CPU
		{E90B942F-34E3-4C6E-9C93-1DD7B5F94648}.Debug|ARM.Build.0 = Debug|Any CPU
		{E90B942F-34E3-4C6E-9C93-1DD7B5F94648}.Debug|arm64.ActiveCfg = Debug|Any CPU
		{E90B942F-34E3-4C6E-9C93-1DD7B5F94648}.Debug|x64.ActiveCfg = Debug|Any CPU
		{E90B942F-34E3-4C6E-9C93-1DD7B5F94648}.Debug|x64.Build.0 = Debug|Any CPU
		{E90B942F-34E3-4C6E-9C93-1DD7B5F94648}.Debug|x86.ActiveCfg = Debug|Any CPU
		{E90B942F-34E3-4C6E-9C93-1DD7B5F94648}.Debug|x86.Build.0 = Debug|Any CPU
		{E90B942F-34E3-4C6E-9C93-1DD7B5F94648}.Release|Any CPU.ActiveCfg = Release|Any CPU
		{E90B942F-34E3-4C6E-9C93-1DD7B5F94648}.Release|Any CPU.Build.0 = Release|Any CPU
		{E90B942F-34E3-4C6E-9C93-1DD7B5F94648}.Release|ARM.ActiveCfg = Release|Any CPU
		{E90B942F-34E3-4C6E-9C93-1DD7B5F94648}.Release|ARM.Build.0 = Release|Any CPU
		{E90B942F-34E3-4C6E-9C93-1DD7B5F94648}.Release|arm64.ActiveCfg = Release|Any CPU
		{E90B942F-34E3-4C6E-9C93-1DD7B5F94648}.Release|x64.ActiveCfg = Release|Any CPU
		{E90B942F-34E3-4C6E-9C93-1DD7B5F94648}.Release|x64.Build.0 = Release|Any CPU
		{E90B942F-34E3-4C6E-9C93-1DD7B5F94648}.Release|x86.ActiveCfg = Release|Any CPU
		{E90B942F-34E3-4C6E-9C93-1DD7B5F94648}.Release|x86.Build.0 = Release|Any CPU
		{15F1C664-A9F7-42FC-A506-FCAD660A0B7D}.Debug|Any CPU.ActiveCfg = Debug|Any CPU
		{15F1C664-A9F7-42FC-A506-FCAD660A0B7D}.Debug|Any CPU.Build.0 = Debug|Any CPU
		{15F1C664-A9F7-42FC-A506-FCAD660A0B7D}.Debug|ARM.ActiveCfg = Debug|Any CPU
		{15F1C664-A9F7-42FC-A506-FCAD660A0B7D}.Debug|ARM.Build.0 = Debug|Any CPU
		{15F1C664-A9F7-42FC-A506-FCAD660A0B7D}.Debug|arm64.ActiveCfg = Debug|Any CPU
		{15F1C664-A9F7-42FC-A506-FCAD660A0B7D}.Debug|arm64.Build.0 = Debug|Any CPU
		{15F1C664-A9F7-42FC-A506-FCAD660A0B7D}.Debug|x64.ActiveCfg = Debug|Any CPU
		{15F1C664-A9F7-42FC-A506-FCAD660A0B7D}.Debug|x64.Build.0 = Debug|Any CPU
		{15F1C664-A9F7-42FC-A506-FCAD660A0B7D}.Debug|x86.ActiveCfg = Debug|Any CPU
		{15F1C664-A9F7-42FC-A506-FCAD660A0B7D}.Debug|x86.Build.0 = Debug|Any CPU
		{15F1C664-A9F7-42FC-A506-FCAD660A0B7D}.Release|Any CPU.ActiveCfg = Release|Any CPU
		{15F1C664-A9F7-42FC-A506-FCAD660A0B7D}.Release|Any CPU.Build.0 = Release|Any CPU
		{15F1C664-A9F7-42FC-A506-FCAD660A0B7D}.Release|ARM.ActiveCfg = Release|Any CPU
		{15F1C664-A9F7-42FC-A506-FCAD660A0B7D}.Release|ARM.Build.0 = Release|Any CPU
		{15F1C664-A9F7-42FC-A506-FCAD660A0B7D}.Release|arm64.ActiveCfg = Release|Any CPU
		{15F1C664-A9F7-42FC-A506-FCAD660A0B7D}.Release|arm64.Build.0 = Release|Any CPU
		{15F1C664-A9F7-42FC-A506-FCAD660A0B7D}.Release|x64.ActiveCfg = Release|Any CPU
		{15F1C664-A9F7-42FC-A506-FCAD660A0B7D}.Release|x64.Build.0 = Release|Any CPU
		{15F1C664-A9F7-42FC-A506-FCAD660A0B7D}.Release|x86.ActiveCfg = Release|Any CPU
		{15F1C664-A9F7-42FC-A506-FCAD660A0B7D}.Release|x86.Build.0 = Release|Any CPU
		{A05A7AD2-9AA9-45FF-908A-6D6A6726CD22}.Debug|Any CPU.ActiveCfg = Debug|Any CPU
		{A05A7AD2-9AA9-45FF-908A-6D6A6726CD22}.Debug|Any CPU.Build.0 = Debug|Any CPU
		{A05A7AD2-9AA9-45FF-908A-6D6A6726CD22}.Debug|ARM.ActiveCfg = Debug|Any CPU
		{A05A7AD2-9AA9-45FF-908A-6D6A6726CD22}.Debug|ARM.Build.0 = Debug|Any CPU
		{A05A7AD2-9AA9-45FF-908A-6D6A6726CD22}.Debug|arm64.ActiveCfg = Debug|Any CPU
		{A05A7AD2-9AA9-45FF-908A-6D6A6726CD22}.Debug|arm64.Build.0 = Debug|Any CPU
		{A05A7AD2-9AA9-45FF-908A-6D6A6726CD22}.Debug|x64.ActiveCfg = Debug|Any CPU
		{A05A7AD2-9AA9-45FF-908A-6D6A6726CD22}.Debug|x64.Build.0 = Debug|Any CPU
		{A05A7AD2-9AA9-45FF-908A-6D6A6726CD22}.Debug|x86.ActiveCfg = Debug|Any CPU
		{A05A7AD2-9AA9-45FF-908A-6D6A6726CD22}.Debug|x86.Build.0 = Debug|Any CPU
		{A05A7AD2-9AA9-45FF-908A-6D6A6726CD22}.Release|Any CPU.ActiveCfg = Release|Any CPU
		{A05A7AD2-9AA9-45FF-908A-6D6A6726CD22}.Release|Any CPU.Build.0 = Release|Any CPU
		{A05A7AD2-9AA9-45FF-908A-6D6A6726CD22}.Release|ARM.ActiveCfg = Release|Any CPU
		{A05A7AD2-9AA9-45FF-908A-6D6A6726CD22}.Release|ARM.Build.0 = Release|Any CPU
		{A05A7AD2-9AA9-45FF-908A-6D6A6726CD22}.Release|arm64.ActiveCfg = Release|Any CPU
		{A05A7AD2-9AA9-45FF-908A-6D6A6726CD22}.Release|arm64.Build.0 = Release|Any CPU
		{A05A7AD2-9AA9-45FF-908A-6D6A6726CD22}.Release|x64.ActiveCfg = Release|Any CPU
		{A05A7AD2-9AA9-45FF-908A-6D6A6726CD22}.Release|x64.Build.0 = Release|Any CPU
		{A05A7AD2-9AA9-45FF-908A-6D6A6726CD22}.Release|x86.ActiveCfg = Release|Any CPU
		{A05A7AD2-9AA9-45FF-908A-6D6A6726CD22}.Release|x86.Build.0 = Release|Any CPU
		{BFA989E4-6136-40FE-AD2C-8E9AD3526375}.Debug|Any CPU.ActiveCfg = Debug|Any CPU
		{BFA989E4-6136-40FE-AD2C-8E9AD3526375}.Debug|Any CPU.Build.0 = Debug|Any CPU
		{BFA989E4-6136-40FE-AD2C-8E9AD3526375}.Debug|ARM.ActiveCfg = Debug|Any CPU
		{BFA989E4-6136-40FE-AD2C-8E9AD3526375}.Debug|ARM.Build.0 = Debug|Any CPU
		{BFA989E4-6136-40FE-AD2C-8E9AD3526375}.Debug|arm64.ActiveCfg = Debug|arm64
		{BFA989E4-6136-40FE-AD2C-8E9AD3526375}.Debug|arm64.Build.0 = Debug|arm64
		{BFA989E4-6136-40FE-AD2C-8E9AD3526375}.Debug|x64.ActiveCfg = Debug|Any CPU
		{BFA989E4-6136-40FE-AD2C-8E9AD3526375}.Debug|x64.Build.0 = Debug|Any CPU
		{BFA989E4-6136-40FE-AD2C-8E9AD3526375}.Debug|x86.ActiveCfg = Debug|x86
		{BFA989E4-6136-40FE-AD2C-8E9AD3526375}.Debug|x86.Build.0 = Debug|x86
		{BFA989E4-6136-40FE-AD2C-8E9AD3526375}.Release|Any CPU.ActiveCfg = Release|Any CPU
		{BFA989E4-6136-40FE-AD2C-8E9AD3526375}.Release|Any CPU.Build.0 = Release|Any CPU
		{BFA989E4-6136-40FE-AD2C-8E9AD3526375}.Release|ARM.ActiveCfg = Release|Any CPU
		{BFA989E4-6136-40FE-AD2C-8E9AD3526375}.Release|ARM.Build.0 = Release|Any CPU
		{BFA989E4-6136-40FE-AD2C-8E9AD3526375}.Release|arm64.ActiveCfg = Release|arm64
		{BFA989E4-6136-40FE-AD2C-8E9AD3526375}.Release|arm64.Build.0 = Release|arm64
		{BFA989E4-6136-40FE-AD2C-8E9AD3526375}.Release|x64.ActiveCfg = Release|Any CPU
		{BFA989E4-6136-40FE-AD2C-8E9AD3526375}.Release|x64.Build.0 = Release|Any CPU
		{BFA989E4-6136-40FE-AD2C-8E9AD3526375}.Release|x86.ActiveCfg = Release|x86
		{BFA989E4-6136-40FE-AD2C-8E9AD3526375}.Release|x86.Build.0 = Release|x86
		{D7055E20-3BBB-4EAA-AA05-2E8703EA3E40}.Debug|Any CPU.ActiveCfg = Debug|Any CPU
		{D7055E20-3BBB-4EAA-AA05-2E8703EA3E40}.Debug|Any CPU.Build.0 = Debug|Any CPU
		{D7055E20-3BBB-4EAA-AA05-2E8703EA3E40}.Debug|ARM.ActiveCfg = Debug|Any CPU
		{D7055E20-3BBB-4EAA-AA05-2E8703EA3E40}.Debug|ARM.Build.0 = Debug|Any CPU
		{D7055E20-3BBB-4EAA-AA05-2E8703EA3E40}.Debug|arm64.ActiveCfg = Debug|Any CPU
		{D7055E20-3BBB-4EAA-AA05-2E8703EA3E40}.Debug|arm64.Build.0 = Debug|Any CPU
		{D7055E20-3BBB-4EAA-AA05-2E8703EA3E40}.Debug|x64.ActiveCfg = Debug|Any CPU
		{D7055E20-3BBB-4EAA-AA05-2E8703EA3E40}.Debug|x64.Build.0 = Debug|Any CPU
		{D7055E20-3BBB-4EAA-AA05-2E8703EA3E40}.Debug|x86.ActiveCfg = Debug|Any CPU
		{D7055E20-3BBB-4EAA-AA05-2E8703EA3E40}.Debug|x86.Build.0 = Debug|Any CPU
		{D7055E20-3BBB-4EAA-AA05-2E8703EA3E40}.Release|Any CPU.ActiveCfg = Release|Any CPU
		{D7055E20-3BBB-4EAA-AA05-2E8703EA3E40}.Release|Any CPU.Build.0 = Release|Any CPU
		{D7055E20-3BBB-4EAA-AA05-2E8703EA3E40}.Release|ARM.ActiveCfg = Release|Any CPU
		{D7055E20-3BBB-4EAA-AA05-2E8703EA3E40}.Release|ARM.Build.0 = Release|Any CPU
		{D7055E20-3BBB-4EAA-AA05-2E8703EA3E40}.Release|arm64.ActiveCfg = Release|Any CPU
		{D7055E20-3BBB-4EAA-AA05-2E8703EA3E40}.Release|arm64.Build.0 = Release|Any CPU
		{D7055E20-3BBB-4EAA-AA05-2E8703EA3E40}.Release|x64.ActiveCfg = Release|Any CPU
		{D7055E20-3BBB-4EAA-AA05-2E8703EA3E40}.Release|x64.Build.0 = Release|Any CPU
		{D7055E20-3BBB-4EAA-AA05-2E8703EA3E40}.Release|x86.ActiveCfg = Release|Any CPU
		{D7055E20-3BBB-4EAA-AA05-2E8703EA3E40}.Release|x86.Build.0 = Release|Any CPU
		{C58AF69A-DB31-4204-84CB-BBE6556F9AAD}.Debug|Any CPU.ActiveCfg = Debug|Any CPU
		{C58AF69A-DB31-4204-84CB-BBE6556F9AAD}.Debug|Any CPU.Build.0 = Debug|Any CPU
		{C58AF69A-DB31-4204-84CB-BBE6556F9AAD}.Debug|ARM.ActiveCfg = Debug|Any CPU
		{C58AF69A-DB31-4204-84CB-BBE6556F9AAD}.Debug|ARM.Build.0 = Debug|Any CPU
		{C58AF69A-DB31-4204-84CB-BBE6556F9AAD}.Debug|arm64.ActiveCfg = Debug|Any CPU
		{C58AF69A-DB31-4204-84CB-BBE6556F9AAD}.Debug|arm64.Build.0 = Debug|Any CPU
		{C58AF69A-DB31-4204-84CB-BBE6556F9AAD}.Debug|x64.ActiveCfg = Debug|Any CPU
		{C58AF69A-DB31-4204-84CB-BBE6556F9AAD}.Debug|x64.Build.0 = Debug|Any CPU
		{C58AF69A-DB31-4204-84CB-BBE6556F9AAD}.Debug|x86.ActiveCfg = Debug|Any CPU
		{C58AF69A-DB31-4204-84CB-BBE6556F9AAD}.Debug|x86.Build.0 = Debug|Any CPU
		{C58AF69A-DB31-4204-84CB-BBE6556F9AAD}.Release|Any CPU.ActiveCfg = Release|Any CPU
		{C58AF69A-DB31-4204-84CB-BBE6556F9AAD}.Release|Any CPU.Build.0 = Release|Any CPU
		{C58AF69A-DB31-4204-84CB-BBE6556F9AAD}.Release|ARM.ActiveCfg = Release|Any CPU
		{C58AF69A-DB31-4204-84CB-BBE6556F9AAD}.Release|ARM.Build.0 = Release|Any CPU
		{C58AF69A-DB31-4204-84CB-BBE6556F9AAD}.Release|arm64.ActiveCfg = Release|Any CPU
		{C58AF69A-DB31-4204-84CB-BBE6556F9AAD}.Release|arm64.Build.0 = Release|Any CPU
		{C58AF69A-DB31-4204-84CB-BBE6556F9AAD}.Release|x64.ActiveCfg = Release|Any CPU
		{C58AF69A-DB31-4204-84CB-BBE6556F9AAD}.Release|x64.Build.0 = Release|Any CPU
		{C58AF69A-DB31-4204-84CB-BBE6556F9AAD}.Release|x86.ActiveCfg = Release|Any CPU
		{C58AF69A-DB31-4204-84CB-BBE6556F9AAD}.Release|x86.Build.0 = Release|Any CPU
	EndGlobalSection
	GlobalSection(SolutionProperties) = preSolution
		HideSolutionNode = FALSE
	EndGlobalSection
	GlobalSection(NestedProjects) = preSolution
		{46157FD0-AE37-4C65-AC1B-437BE5023066} = {D6189E1F-5731-45A7-AFEF-3FDE967E6F13}
		{E4CDD003-1268-42B2-A5A6-AC868D7BD497} = {C202A000-8F62-4FB4-A550-2310399D8CBF}
		{91C2EAA4-25F2-418C-896D-BB51DDB1AC22} = {C202A000-8F62-4FB4-A550-2310399D8CBF}
		{D7055E20-3BBB-4EAA-AA05-2E8703EA3E40} = {90C42945-75E2-4A14-9FA7-8B9C26B47BFA}
		{C58AF69A-DB31-4204-84CB-BBE6556F9AAD} = {015946EC-483A-4F8F-886B-C6F04AC7C7E1}
	EndGlobalSection
	GlobalSection(ExtensibilityGlobals) = postSolution
		SolutionGuid = {A998C7E6-A7F1-4C72-B465-6EFCFC743519}
	EndGlobalSection
EndGlobal
