
Microsoft Visual Studio Solution File, Format Version 12.00
# Visual Studio Version 16
VisualStudioVersion = 16.0.28714.193
MinimumVisualStudioVersion = 10.0.40219.1
Project("{9A19103F-16F7-4668-BE54-9A1E7A4F7556}") = "TypeTooling", "TypeTooling\TypeTooling.csproj", "{3EC659FA-88F8-4CAE-8FA3-FBB8B67F4376}"
EndProject
Project("{9A19103F-16F7-4668-BE54-9A1E7A4F7556}") = "TypeTooling.Roslyn", "TypeTooling.Roslyn\TypeTooling.Roslyn.csproj", "{2F91A58E-DA03-49B9-BEAD-39A343BB8589}"
EndProject
Project("{9A19103F-16F7-4668-BE54-9A1E7A4F7556}") = "TypeTooling.Xaml", "TypeTooling.Xaml\TypeTooling.Xaml.csproj", "{217FFB19-0A9A-40C0-A260-D7FBD48B98DB}"
EndProject
Project("{2150E333-8FDC-42A3-9474-1A3956D46DE8}") = "build", "build", "{C7E9EB5E-63F1-44A0-8CC9-74D654AD1C4C}"
	ProjectSection(SolutionItems) = preProject
		build\Common.props = build\Common.props
		build\NuGetPackage.targets = build\NuGetPackage.targets
	EndProjectSection
EndProject
Project("{2150E333-8FDC-42A3-9474-1A3956D46DE8}") = "Solution Items", "Solution Items", "{DA199F2E-1DD9-400A-A33F-5B39A79DA208}"
	ProjectSection(SolutionItems) = preProject
		azure-pipelines.yml = azure-pipelines.yml
	EndProjectSection
EndProject
Global
	GlobalSection(SolutionConfigurationPlatforms) = preSolution
		Debug|Any CPU = Debug|Any CPU
		Release|Any CPU = Release|Any CPU
	EndGlobalSection
	GlobalSection(ProjectConfigurationPlatforms) = postSolution
		{3EC659FA-88F8-4CAE-8FA3-FBB8B67F4376}.Debug|Any CPU.ActiveCfg = Debug|Any CPU
		{3EC659FA-88F8-4CAE-8FA3-FBB8B67F4376}.Debug|Any CPU.Build.0 = Debug|Any CPU
		{3EC659FA-88F8-4CAE-8FA3-FBB8B67F4376}.Release|Any CPU.ActiveCfg = Release|Any CPU
		{3EC659FA-88F8-4CAE-8FA3-FBB8B67F4376}.Release|Any CPU.Build.0 = Release|Any CPU
		{2F91A58E-DA03-49B9-BEAD-39A343BB8589}.Debug|Any CPU.ActiveCfg = Debug|Any CPU
		{2F91A58E-DA03-49B9-BEAD-39A343BB8589}.Debug|Any CPU.Build.0 = Debug|Any CPU
		{2F91A58E-DA03-49B9-BEAD-39A343BB8589}.Release|Any CPU.ActiveCfg = Release|Any CPU
		{2F91A58E-DA03-49B9-BEAD-39A343BB8589}.Release|Any CPU.Build.0 = Release|Any CPU
		{217FFB19-0A9A-40C0-A260-D7FBD48B98DB}.Debug|Any CPU.ActiveCfg = Debug|Any CPU
		{217FFB19-0A9A-40C0-A260-D7FBD48B98DB}.Debug|Any CPU.Build.0 = Debug|Any CPU
		{217FFB19-0A9A-40C0-A260-D7FBD48B98DB}.Release|Any CPU.ActiveCfg = Release|Any CPU
		{217FFB19-0A9A-40C0-A260-D7FBD48B98DB}.Release|Any CPU.Build.0 = Release|Any CPU
	EndGlobalSection
	GlobalSection(SolutionProperties) = preSolution
		HideSolutionNode = FALSE
	EndGlobalSection
	GlobalSection(NestedProjects) = preSolution
		{C7E9EB5E-63F1-44A0-8CC9-74D654AD1C4C} = {DA199F2E-1DD9-400A-A33F-5B39A79DA208}
	EndGlobalSection
	GlobalSection(ExtensibilityGlobals) = postSolution
		SolutionGuid = {06AA11C3-E732-4458-9988-0CA6EDDAB6CB}
	EndGlobalSection
EndGlobal
