
Microsoft Visual Studio Solution File, Format Version 12.00
# Visual Studio 15
VisualStudioVersion = 15.0.27703.2000
MinimumVisualStudioVersion = 10.0.40219.1
Project("{FAE04EC0-301F-11D3-BF4B-00C04F79EFBC}") = "UwpDemo", "UwpDemo.csproj", "{2F181C11-A276-4E88-90BE-CE3AB3DFD691}"
EndProject
Project("{9A19103F-16F7-4668-BE54-9A1E7A4F7556}") = "LuxUwpSdk", "..\..\src\LuxUwpSdk\LuxUwpSdk.csproj", "{9F90C340-5A48-4143-A530-A85C0DF70D83}"
EndProject
Project("{9A19103F-16F7-4668-BE54-9A1E7A4F7556}") = "Lux", "..\..\src\Lux\Lux.csproj", "{390CEBDB-88EA-46BF-9D28-13E922C32113}"
EndProject
Project("{9A19103F-16F7-4668-BE54-9A1E7A4F7556}") = "XamlTypeTooling", "..\..\external\TypeTooling\src\XamlTypeTooling\XamlTypeTooling.csproj", "{1321B779-6262-407F-9BFC-9841B98C1ADC}"
EndProject
Project("{9A19103F-16F7-4668-BE54-9A1E7A4F7556}") = "TypeTooling", "..\..\external\TypeTooling\src\TypeTooling\TypeTooling.csproj", "{AA2EB735-3F0C-4901-BEC2-DD422B1BA566}"
EndProject
Project("{9A19103F-16F7-4668-BE54-9A1E7A4F7556}") = "DotNetTypeTooling", "..\..\external\TypeTooling\src\DotNetTypeTooling\DotNetTypeTooling.csproj", "{A83AB7D3-677D-4246-A5AE-98E41DE75DDB}"
EndProject
Project("{9A19103F-16F7-4668-BE54-9A1E7A4F7556}") = "Client", "..\..\external\mqtt\src\Client\Client.csproj", "{0015C3B4-C9AB-4F03-B7CE-93C2C5323AFC}"
EndProject
Project("{9A19103F-16F7-4668-BE54-9A1E7A4F7556}") = "LuxMqttApp", "..\..\src\LuxMqttApp\LuxMqttApp.csproj", "{0D647B18-7BE8-4356-83F2-9F414A62D424}"
EndProject
Project("{9A19103F-16F7-4668-BE54-9A1E7A4F7556}") = "LuxTypes", "..\..\src\LuxTypes\LuxTypes.csproj", "{98A5A32F-B248-4FBD-8BBC-9898F0A2F326}"
EndProject
Project("{FAE04EC0-301F-11D3-BF4B-00C04F79EFBC}") = "LuxUwpApp", "..\..\src\luxuwpapp\LuxUwpApp.csproj", "{DDA5FED8-10B4-4C29-A36D-167E54AB306B}"
EndProject
Global
	GlobalSection(SolutionConfigurationPlatforms) = preSolution
		Debug|Any CPU = Debug|Any CPU
		Debug|ARM = Debug|ARM
		Debug|x64 = Debug|x64
		Debug|x86 = Debug|x86
		Release|Any CPU = Release|Any CPU
		Release|ARM = Release|ARM
		Release|x64 = Release|x64
		Release|x86 = Release|x86
	EndGlobalSection
	GlobalSection(ProjectConfigurationPlatforms) = postSolution
		{2F181C11-A276-4E88-90BE-CE3AB3DFD691}.Debug|Any CPU.ActiveCfg = Debug|x86
		{2F181C11-A276-4E88-90BE-CE3AB3DFD691}.Debug|Any CPU.Build.0 = Debug|x86
		{2F181C11-A276-4E88-90BE-CE3AB3DFD691}.Debug|Any CPU.Deploy.0 = Debug|x86
		{2F181C11-A276-4E88-90BE-CE3AB3DFD691}.Debug|ARM.ActiveCfg = Debug|x64
		{2F181C11-A276-4E88-90BE-CE3AB3DFD691}.Debug|ARM.Build.0 = Debug|x64
		{2F181C11-A276-4E88-90BE-CE3AB3DFD691}.Debug|ARM.Deploy.0 = Debug|x64
		{2F181C11-A276-4E88-90BE-CE3AB3DFD691}.Debug|x64.ActiveCfg = Debug|x64
		{2F181C11-A276-4E88-90BE-CE3AB3DFD691}.Debug|x64.Build.0 = Debug|x64
		{2F181C11-A276-4E88-90BE-CE3AB3DFD691}.Debug|x64.Deploy.0 = Debug|x64
		{2F181C11-A276-4E88-90BE-CE3AB3DFD691}.Debug|x86.ActiveCfg = Debug|x86
		{2F181C11-A276-4E88-90BE-CE3AB3DFD691}.Debug|x86.Build.0 = Debug|x86
		{2F181C11-A276-4E88-90BE-CE3AB3DFD691}.Debug|x86.Deploy.0 = Debug|x86
		{2F181C11-A276-4E88-90BE-CE3AB3DFD691}.Release|Any CPU.ActiveCfg = Release|x86
		{2F181C11-A276-4E88-90BE-CE3AB3DFD691}.Release|ARM.ActiveCfg = Release|ARM
		{2F181C11-A276-4E88-90BE-CE3AB3DFD691}.Release|ARM.Build.0 = Release|ARM
		{2F181C11-A276-4E88-90BE-CE3AB3DFD691}.Release|ARM.Deploy.0 = Release|ARM
		{2F181C11-A276-4E88-90BE-CE3AB3DFD691}.Release|x64.ActiveCfg = Release|x64
		{2F181C11-A276-4E88-90BE-CE3AB3DFD691}.Release|x64.Build.0 = Release|x64
		{2F181C11-A276-4E88-90BE-CE3AB3DFD691}.Release|x64.Deploy.0 = Release|x64
		{2F181C11-A276-4E88-90BE-CE3AB3DFD691}.Release|x86.ActiveCfg = Release|x86
		{2F181C11-A276-4E88-90BE-CE3AB3DFD691}.Release|x86.Build.0 = Release|x86
		{2F181C11-A276-4E88-90BE-CE3AB3DFD691}.Release|x86.Deploy.0 = Release|x86
		{9F90C340-5A48-4143-A530-A85C0DF70D83}.Debug|Any CPU.ActiveCfg = Debug|Any CPU
		{9F90C340-5A48-4143-A530-A85C0DF70D83}.Debug|Any CPU.Build.0 = Debug|Any CPU
		{9F90C340-5A48-4143-A530-A85C0DF70D83}.Debug|ARM.ActiveCfg = Debug|Any CPU
		{9F90C340-5A48-4143-A530-A85C0DF70D83}.Debug|ARM.Build.0 = Debug|Any CPU
		{9F90C340-5A48-4143-A530-A85C0DF70D83}.Debug|x64.ActiveCfg = Debug|Any CPU
		{9F90C340-5A48-4143-A530-A85C0DF70D83}.Debug|x64.Build.0 = Debug|Any CPU
		{9F90C340-5A48-4143-A530-A85C0DF70D83}.Debug|x86.ActiveCfg = Debug|Any CPU
		{9F90C340-5A48-4143-A530-A85C0DF70D83}.Debug|x86.Build.0 = Debug|Any CPU
		{9F90C340-5A48-4143-A530-A85C0DF70D83}.Release|Any CPU.ActiveCfg = Release|Any CPU
		{9F90C340-5A48-4143-A530-A85C0DF70D83}.Release|Any CPU.Build.0 = Release|Any CPU
		{9F90C340-5A48-4143-A530-A85C0DF70D83}.Release|ARM.ActiveCfg = Release|Any CPU
		{9F90C340-5A48-4143-A530-A85C0DF70D83}.Release|ARM.Build.0 = Release|Any CPU
		{9F90C340-5A48-4143-A530-A85C0DF70D83}.Release|x64.ActiveCfg = Release|Any CPU
		{9F90C340-5A48-4143-A530-A85C0DF70D83}.Release|x64.Build.0 = Release|Any CPU
		{9F90C340-5A48-4143-A530-A85C0DF70D83}.Release|x86.ActiveCfg = Release|Any CPU
		{9F90C340-5A48-4143-A530-A85C0DF70D83}.Release|x86.Build.0 = Release|Any CPU
		{390CEBDB-88EA-46BF-9D28-13E922C32113}.Debug|Any CPU.ActiveCfg = Debug|Any CPU
		{390CEBDB-88EA-46BF-9D28-13E922C32113}.Debug|Any CPU.Build.0 = Debug|Any CPU
		{390CEBDB-88EA-46BF-9D28-13E922C32113}.Debug|ARM.ActiveCfg = Debug|Any CPU
		{390CEBDB-88EA-46BF-9D28-13E922C32113}.Debug|ARM.Build.0 = Debug|Any CPU
		{390CEBDB-88EA-46BF-9D28-13E922C32113}.Debug|x64.ActiveCfg = Debug|Any CPU
		{390CEBDB-88EA-46BF-9D28-13E922C32113}.Debug|x64.Build.0 = Debug|Any CPU
		{390CEBDB-88EA-46BF-9D28-13E922C32113}.Debug|x86.ActiveCfg = Debug|Any CPU
		{390CEBDB-88EA-46BF-9D28-13E922C32113}.Debug|x86.Build.0 = Debug|Any CPU
		{390CEBDB-88EA-46BF-9D28-13E922C32113}.Release|Any CPU.ActiveCfg = Release|Any CPU
		{390CEBDB-88EA-46BF-9D28-13E922C32113}.Release|Any CPU.Build.0 = Release|Any CPU
		{390CEBDB-88EA-46BF-9D28-13E922C32113}.Release|ARM.ActiveCfg = Release|Any CPU
		{390CEBDB-88EA-46BF-9D28-13E922C32113}.Release|ARM.Build.0 = Release|Any CPU
		{390CEBDB-88EA-46BF-9D28-13E922C32113}.Release|x64.ActiveCfg = Release|Any CPU
		{390CEBDB-88EA-46BF-9D28-13E922C32113}.Release|x64.Build.0 = Release|Any CPU
		{390CEBDB-88EA-46BF-9D28-13E922C32113}.Release|x86.ActiveCfg = Release|Any CPU
		{390CEBDB-88EA-46BF-9D28-13E922C32113}.Release|x86.Build.0 = Release|Any CPU
		{1321B779-6262-407F-9BFC-9841B98C1ADC}.Debug|Any CPU.ActiveCfg = Debug|Any CPU
		{1321B779-6262-407F-9BFC-9841B98C1ADC}.Debug|Any CPU.Build.0 = Debug|Any CPU
		{1321B779-6262-407F-9BFC-9841B98C1ADC}.Debug|ARM.ActiveCfg = Debug|Any CPU
		{1321B779-6262-407F-9BFC-9841B98C1ADC}.Debug|ARM.Build.0 = Debug|Any CPU
		{1321B779-6262-407F-9BFC-9841B98C1ADC}.Debug|x64.ActiveCfg = Debug|Any CPU
		{1321B779-6262-407F-9BFC-9841B98C1ADC}.Debug|x64.Build.0 = Debug|Any CPU
		{1321B779-6262-407F-9BFC-9841B98C1ADC}.Debug|x86.ActiveCfg = Debug|Any CPU
		{1321B779-6262-407F-9BFC-9841B98C1ADC}.Debug|x86.Build.0 = Debug|Any CPU
		{1321B779-6262-407F-9BFC-9841B98C1ADC}.Release|Any CPU.ActiveCfg = Release|Any CPU
		{1321B779-6262-407F-9BFC-9841B98C1ADC}.Release|Any CPU.Build.0 = Release|Any CPU
		{1321B779-6262-407F-9BFC-9841B98C1ADC}.Release|ARM.ActiveCfg = Release|Any CPU
		{1321B779-6262-407F-9BFC-9841B98C1ADC}.Release|ARM.Build.0 = Release|Any CPU
		{1321B779-6262-407F-9BFC-9841B98C1ADC}.Release|x64.ActiveCfg = Release|Any CPU
		{1321B779-6262-407F-9BFC-9841B98C1ADC}.Release|x64.Build.0 = Release|Any CPU
		{1321B779-6262-407F-9BFC-9841B98C1ADC}.Release|x86.ActiveCfg = Release|Any CPU
		{1321B779-6262-407F-9BFC-9841B98C1ADC}.Release|x86.Build.0 = Release|Any CPU
		{AA2EB735-3F0C-4901-BEC2-DD422B1BA566}.Debug|Any CPU.ActiveCfg = Debug|Any CPU
		{AA2EB735-3F0C-4901-BEC2-DD422B1BA566}.Debug|Any CPU.Build.0 = Debug|Any CPU
		{AA2EB735-3F0C-4901-BEC2-DD422B1BA566}.Debug|ARM.ActiveCfg = Debug|Any CPU
		{AA2EB735-3F0C-4901-BEC2-DD422B1BA566}.Debug|ARM.Build.0 = Debug|Any CPU
		{AA2EB735-3F0C-4901-BEC2-DD422B1BA566}.Debug|x64.ActiveCfg = Debug|Any CPU
		{AA2EB735-3F0C-4901-BEC2-DD422B1BA566}.Debug|x64.Build.0 = Debug|Any CPU
		{AA2EB735-3F0C-4901-BEC2-DD422B1BA566}.Debug|x86.ActiveCfg = Debug|Any CPU
		{AA2EB735-3F0C-4901-BEC2-DD422B1BA566}.Debug|x86.Build.0 = Debug|Any CPU
		{AA2EB735-3F0C-4901-BEC2-DD422B1BA566}.Release|Any CPU.ActiveCfg = Release|Any CPU
		{AA2EB735-3F0C-4901-BEC2-DD422B1BA566}.Release|Any CPU.Build.0 = Release|Any CPU
		{AA2EB735-3F0C-4901-BEC2-DD422B1BA566}.Release|ARM.ActiveCfg = Release|Any CPU
		{AA2EB735-3F0C-4901-BEC2-DD422B1BA566}.Release|ARM.Build.0 = Release|Any CPU
		{AA2EB735-3F0C-4901-BEC2-DD422B1BA566}.Release|x64.ActiveCfg = Release|Any CPU
		{AA2EB735-3F0C-4901-BEC2-DD422B1BA566}.Release|x64.Build.0 = Release|Any CPU
		{AA2EB735-3F0C-4901-BEC2-DD422B1BA566}.Release|x86.ActiveCfg = Release|Any CPU
		{AA2EB735-3F0C-4901-BEC2-DD422B1BA566}.Release|x86.Build.0 = Release|Any CPU
		{A83AB7D3-677D-4246-A5AE-98E41DE75DDB}.Debug|Any CPU.ActiveCfg = Debug|Any CPU
		{A83AB7D3-677D-4246-A5AE-98E41DE75DDB}.Debug|Any CPU.Build.0 = Debug|Any CPU
		{A83AB7D3-677D-4246-A5AE-98E41DE75DDB}.Debug|ARM.ActiveCfg = Debug|Any CPU
		{A83AB7D3-677D-4246-A5AE-98E41DE75DDB}.Debug|ARM.Build.0 = Debug|Any CPU
		{A83AB7D3-677D-4246-A5AE-98E41DE75DDB}.Debug|x64.ActiveCfg = Debug|Any CPU
		{A83AB7D3-677D-4246-A5AE-98E41DE75DDB}.Debug|x64.Build.0 = Debug|Any CPU
		{A83AB7D3-677D-4246-A5AE-98E41DE75DDB}.Debug|x86.ActiveCfg = Debug|Any CPU
		{A83AB7D3-677D-4246-A5AE-98E41DE75DDB}.Debug|x86.Build.0 = Debug|Any CPU
		{A83AB7D3-677D-4246-A5AE-98E41DE75DDB}.Release|Any CPU.ActiveCfg = Release|Any CPU
		{A83AB7D3-677D-4246-A5AE-98E41DE75DDB}.Release|Any CPU.Build.0 = Release|Any CPU
		{A83AB7D3-677D-4246-A5AE-98E41DE75DDB}.Release|ARM.ActiveCfg = Release|Any CPU
		{A83AB7D3-677D-4246-A5AE-98E41DE75DDB}.Release|ARM.Build.0 = Release|Any CPU
		{A83AB7D3-677D-4246-A5AE-98E41DE75DDB}.Release|x64.ActiveCfg = Release|Any CPU
		{A83AB7D3-677D-4246-A5AE-98E41DE75DDB}.Release|x64.Build.0 = Release|Any CPU
		{A83AB7D3-677D-4246-A5AE-98E41DE75DDB}.Release|x86.ActiveCfg = Release|Any CPU
		{A83AB7D3-677D-4246-A5AE-98E41DE75DDB}.Release|x86.Build.0 = Release|Any CPU
		{0015C3B4-C9AB-4F03-B7CE-93C2C5323AFC}.Debug|Any CPU.ActiveCfg = Debug|Any CPU
		{0015C3B4-C9AB-4F03-B7CE-93C2C5323AFC}.Debug|Any CPU.Build.0 = Debug|Any CPU
		{0015C3B4-C9AB-4F03-B7CE-93C2C5323AFC}.Debug|ARM.ActiveCfg = Debug|Any CPU
		{0015C3B4-C9AB-4F03-B7CE-93C2C5323AFC}.Debug|ARM.Build.0 = Debug|Any CPU
		{0015C3B4-C9AB-4F03-B7CE-93C2C5323AFC}.Debug|x64.ActiveCfg = Debug|Any CPU
		{0015C3B4-C9AB-4F03-B7CE-93C2C5323AFC}.Debug|x64.Build.0 = Debug|Any CPU
		{0015C3B4-C9AB-4F03-B7CE-93C2C5323AFC}.Debug|x86.ActiveCfg = Debug|Any CPU
		{0015C3B4-C9AB-4F03-B7CE-93C2C5323AFC}.Debug|x86.Build.0 = Debug|Any CPU
		{0015C3B4-C9AB-4F03-B7CE-93C2C5323AFC}.Release|Any CPU.ActiveCfg = Release|Any CPU
		{0015C3B4-C9AB-4F03-B7CE-93C2C5323AFC}.Release|Any CPU.Build.0 = Release|Any CPU
		{0015C3B4-C9AB-4F03-B7CE-93C2C5323AFC}.Release|ARM.ActiveCfg = Release|Any CPU
		{0015C3B4-C9AB-4F03-B7CE-93C2C5323AFC}.Release|ARM.Build.0 = Release|Any CPU
		{0015C3B4-C9AB-4F03-B7CE-93C2C5323AFC}.Release|x64.ActiveCfg = Release|Any CPU
		{0015C3B4-C9AB-4F03-B7CE-93C2C5323AFC}.Release|x64.Build.0 = Release|Any CPU
		{0015C3B4-C9AB-4F03-B7CE-93C2C5323AFC}.Release|x86.ActiveCfg = Release|Any CPU
		{0015C3B4-C9AB-4F03-B7CE-93C2C5323AFC}.Release|x86.Build.0 = Release|Any CPU
		{0D647B18-7BE8-4356-83F2-9F414A62D424}.Debug|Any CPU.ActiveCfg = Debug|Any CPU
		{0D647B18-7BE8-4356-83F2-9F414A62D424}.Debug|Any CPU.Build.0 = Debug|Any CPU
		{0D647B18-7BE8-4356-83F2-9F414A62D424}.Debug|ARM.ActiveCfg = Debug|Any CPU
		{0D647B18-7BE8-4356-83F2-9F414A62D424}.Debug|ARM.Build.0 = Debug|Any CPU
		{0D647B18-7BE8-4356-83F2-9F414A62D424}.Debug|x64.ActiveCfg = Debug|Any CPU
		{0D647B18-7BE8-4356-83F2-9F414A62D424}.Debug|x64.Build.0 = Debug|Any CPU
		{0D647B18-7BE8-4356-83F2-9F414A62D424}.Debug|x86.ActiveCfg = Debug|Any CPU
		{0D647B18-7BE8-4356-83F2-9F414A62D424}.Debug|x86.Build.0 = Debug|Any CPU
		{0D647B18-7BE8-4356-83F2-9F414A62D424}.Release|Any CPU.ActiveCfg = Release|Any CPU
		{0D647B18-7BE8-4356-83F2-9F414A62D424}.Release|Any CPU.Build.0 = Release|Any CPU
		{0D647B18-7BE8-4356-83F2-9F414A62D424}.Release|ARM.ActiveCfg = Release|Any CPU
		{0D647B18-7BE8-4356-83F2-9F414A62D424}.Release|ARM.Build.0 = Release|Any CPU
		{0D647B18-7BE8-4356-83F2-9F414A62D424}.Release|x64.ActiveCfg = Release|Any CPU
		{0D647B18-7BE8-4356-83F2-9F414A62D424}.Release|x64.Build.0 = Release|Any CPU
		{0D647B18-7BE8-4356-83F2-9F414A62D424}.Release|x86.ActiveCfg = Release|Any CPU
		{0D647B18-7BE8-4356-83F2-9F414A62D424}.Release|x86.Build.0 = Release|Any CPU
		{98A5A32F-B248-4FBD-8BBC-9898F0A2F326}.Debug|Any CPU.ActiveCfg = Debug|Any CPU
		{98A5A32F-B248-4FBD-8BBC-9898F0A2F326}.Debug|Any CPU.Build.0 = Debug|Any CPU
		{98A5A32F-B248-4FBD-8BBC-9898F0A2F326}.Debug|ARM.ActiveCfg = Debug|Any CPU
		{98A5A32F-B248-4FBD-8BBC-9898F0A2F326}.Debug|ARM.Build.0 = Debug|Any CPU
		{98A5A32F-B248-4FBD-8BBC-9898F0A2F326}.Debug|x64.ActiveCfg = Debug|Any CPU
		{98A5A32F-B248-4FBD-8BBC-9898F0A2F326}.Debug|x64.Build.0 = Debug|Any CPU
		{98A5A32F-B248-4FBD-8BBC-9898F0A2F326}.Debug|x86.ActiveCfg = Debug|Any CPU
		{98A5A32F-B248-4FBD-8BBC-9898F0A2F326}.Debug|x86.Build.0 = Debug|Any CPU
		{98A5A32F-B248-4FBD-8BBC-9898F0A2F326}.Release|Any CPU.ActiveCfg = Release|Any CPU
		{98A5A32F-B248-4FBD-8BBC-9898F0A2F326}.Release|Any CPU.Build.0 = Release|Any CPU
		{98A5A32F-B248-4FBD-8BBC-9898F0A2F326}.Release|ARM.ActiveCfg = Release|Any CPU
		{98A5A32F-B248-4FBD-8BBC-9898F0A2F326}.Release|ARM.Build.0 = Release|Any CPU
		{98A5A32F-B248-4FBD-8BBC-9898F0A2F326}.Release|x64.ActiveCfg = Release|Any CPU
		{98A5A32F-B248-4FBD-8BBC-9898F0A2F326}.Release|x64.Build.0 = Release|Any CPU
		{98A5A32F-B248-4FBD-8BBC-9898F0A2F326}.Release|x86.ActiveCfg = Release|Any CPU
		{98A5A32F-B248-4FBD-8BBC-9898F0A2F326}.Release|x86.Build.0 = Release|Any CPU
		{DDA5FED8-10B4-4C29-A36D-167E54AB306B}.Debug|Any CPU.ActiveCfg = Debug|Any CPU
		{DDA5FED8-10B4-4C29-A36D-167E54AB306B}.Debug|Any CPU.Build.0 = Debug|Any CPU
		{DDA5FED8-10B4-4C29-A36D-167E54AB306B}.Debug|ARM.ActiveCfg = Debug|ARM
		{DDA5FED8-10B4-4C29-A36D-167E54AB306B}.Debug|ARM.Build.0 = Debug|ARM
		{DDA5FED8-10B4-4C29-A36D-167E54AB306B}.Debug|x64.ActiveCfg = Debug|x64
		{DDA5FED8-10B4-4C29-A36D-167E54AB306B}.Debug|x64.Build.0 = Debug|x64
		{DDA5FED8-10B4-4C29-A36D-167E54AB306B}.Debug|x86.ActiveCfg = Debug|x86
		{DDA5FED8-10B4-4C29-A36D-167E54AB306B}.Debug|x86.Build.0 = Debug|x86
		{DDA5FED8-10B4-4C29-A36D-167E54AB306B}.Release|Any CPU.ActiveCfg = Release|Any CPU
		{DDA5FED8-10B4-4C29-A36D-167E54AB306B}.Release|Any CPU.Build.0 = Release|Any CPU
		{DDA5FED8-10B4-4C29-A36D-167E54AB306B}.Release|ARM.ActiveCfg = Release|ARM
		{DDA5FED8-10B4-4C29-A36D-167E54AB306B}.Release|ARM.Build.0 = Release|ARM
		{DDA5FED8-10B4-4C29-A36D-167E54AB306B}.Release|x64.ActiveCfg = Release|x64
		{DDA5FED8-10B4-4C29-A36D-167E54AB306B}.Release|x64.Build.0 = Release|x64
		{DDA5FED8-10B4-4C29-A36D-167E54AB306B}.Release|x86.ActiveCfg = Release|x86
		{DDA5FED8-10B4-4C29-A36D-167E54AB306B}.Release|x86.Build.0 = Release|x86
	EndGlobalSection
	GlobalSection(SolutionProperties) = preSolution
		HideSolutionNode = FALSE
	EndGlobalSection
	GlobalSection(ExtensibilityGlobals) = postSolution
		SolutionGuid = {B98EB8B1-6402-4B52-AC39-33BA659D7A78}
	EndGlobalSection
EndGlobal
